# THIS IS AN AUTOGENERATED FILE. DO NOT EDIT THIS FILE DIRECTLY.
# yarn lockfile v1


node.js@^0.0.1-security:
  version "0.0.1-security"
  resolved "https://registry.yarnpkg.com/node.js/-/node.js-0.0.1-security.tgz#ad5a038f1c70dc7a5f95c8df524cee98534d62a6"
  integrity sha512-8tWQiyg/3ggdLTrtfgj/NxmZpC20eB1U5VNkqt2dbelpcr3NrfjpEE3DgifpBOCJ4Xu9Obvu8iju63ViQW3Hvg==
